
Microsoft Visual Studio Solution File, Format Version 12.00
# Visual Studio Version 17
VisualStudioVersion = 17.0.31903.59
MinimumVisualStudioVersion = 10.0.40219.1
Project("{9A19103F-16F7-4668-BE54-9A1E7A4F7556}") = "WepApi", "WepApi\WepApi.csproj", "{51CADC3E-0CD9-4E31-A2E1-4FE50416CA3A}"
EndProject
Project("{FAE04EC0-301F-11D3-BF4B-00C04F79EFBC}") = "Repositories", "Repositoriess\Repositories.csproj", "{4AC42BDD-5E18-4C19-A8CF-24E0D94AB6EB}"
EndProject
Project("{FAE04EC0-301F-11D3-BF4B-00C04F79EFBC}") = "Entities", "Entitiess\Entities.csproj", "{6A0950AB-9177-4BFE-9253-FADCEEBD1D46}"
EndProject
Global
	GlobalSection(SolutionConfigurationPlatforms) = preSolution
		Debug|Any CPU = Debug|Any CPU
		Release|Any CPU = Release|Any CPU
	EndGlobalSection
	GlobalSection(ProjectConfigurationPlatforms) = postSolution
		{51CADC3E-0CD9-4E31-A2E1-4FE50416CA3A}.Debug|Any CPU.ActiveCfg = Debug|Any CPU
		{51CADC3E-0CD9-4E31-A2E1-4FE50416CA3A}.Debug|Any CPU.Build.0 = Debug|Any CPU
		{51CADC3E-0CD9-4E31-A2E1-4FE50416CA3A}.Release|Any CPU.ActiveCfg = Release|Any CPU
		{51CADC3E-0CD9-4E31-A2E1-4FE50416CA3A}.Release|Any CPU.Build.0 = Release|Any CPU
		{4AC42BDD-5E18-4C19-A8CF-24E0D94AB6EB}.Debug|Any CPU.ActiveCfg = Debug|Any CPU
		{4AC42BDD-5E18-4C19-A8CF-24E0D94AB6EB}.Debug|Any CPU.Build.0 = Debug|Any CPU
		{4AC42BDD-5E18-4C19-A8CF-24E0D94AB6EB}.Release|Any CPU.ActiveCfg = Release|Any CPU
		{4AC42BDD-5E18-4C19-A8CF-24E0D94AB6EB}.Release|Any CPU.Build.0 = Release|Any CPU
		{6A0950AB-9177-4BFE-9253-FADCEEBD1D46}.Debug|Any CPU.ActiveCfg = Debug|Any CPU
		{6A0950AB-9177-4BFE-9253-FADCEEBD1D46}.Debug|Any CPU.Build.0 = Debug|Any CPU
		{6A0950AB-9177-4BFE-9253-FADCEEBD1D46}.Release|Any CPU.ActiveCfg = Release|Any CPU
		{6A0950AB-9177-4BFE-9253-FADCEEBD1D46}.Release|Any CPU.Build.0 = Release|Any CPU
	EndGlobalSection
	GlobalSection(SolutionProperties) = preSolution
		HideSolutionNode = FALSE
	EndGlobalSection
	GlobalSection(ExtensibilityGlobals) = postSolution
		SolutionGuid = {44E7197D-2F8B-4511-BBBB-70FAE90B271D}
	EndGlobalSection
EndGlobal
